
Microsoft Visual Studio Solution File, Format Version 12.00
# Visual Studio Version 16
VisualStudioVersion = 16.0.30225.117
MinimumVisualStudioVersion = 10.0.40219.1
Project("{FAE04EC0-301F-11D3-BF4B-00C04F79EFBC}") = "BriveMVC", "BriveMVC\BriveMVC.csproj", "{35C37C94-7AC7-48F5-A082-45996FAE6A79}"
EndProject
Global
	GlobalSection(SolutionConfigurationPlatforms) = preSolution
		Debug|Any CPU = Debug|Any CPU
		Release|Any CPU = Release|Any CPU
	EndGlobalSection
	GlobalSection(ProjectConfigurationPlatforms) = postSolution
		{35C37C94-7AC7-48F5-A082-45996FAE6A79}.Debug|Any CPU.ActiveCfg = Debug|Any CPU
		{35C37C94-7AC7-48F5-A082-45996FAE6A79}.Debug|Any CPU.Build.0 = Debug|Any CPU
		{35C37C94-7AC7-48F5-A082-45996FAE6A79}.Release|Any CPU.ActiveCfg = Release|Any CPU
		{35C37C94-7AC7-48F5-A082-45996FAE6A79}.Release|Any CPU.Build.0 = Release|Any CPU
	EndGlobalSection
	GlobalSection(SolutionProperties) = preSolution
		HideSolutionNode = FALSE
	EndGlobalSection
	GlobalSection(ExtensibilityGlobals) = postSolution
		SolutionGuid = {FDEDB40D-1584-487D-A364-166463724B75}
	EndGlobalSection
EndGlobal
